
Microsoft Visual Studio Solution File, Format Version 12.00
Project("{FAE04EC0-301F-11D3-BF4B-00C04F79EFBC}") = "AsyncConsole", "AsyncConsole\AsyncConsole.csproj", "{22386201-13F6-4DF3-98F5-94571CDA1E56}"
EndProject
Project("{FAE04EC0-301F-11D3-BF4B-00C04F79EFBC}") = "AsyncApi", "AsyncApi\AsyncApi.csproj", "{6E788A7D-DF54-4A09-B810-A4AE4B06AFBE}"
EndProject
Project("{2150E333-8FDC-42A3-9474-1A3956D46DE8}") = "Global", "Global", "{BE58DE1F-A7C3-40D7-9DB4-43CDA6B71B23}"
	ProjectSection(SolutionItems) = preProject
		.gitignore = .gitignore
		README.md = README.md
		compose.yml = compose.yml
		setup.sh = setup.sh
	EndProjectSection
EndProject
Global
	GlobalSection(SolutionConfigurationPlatforms) = preSolution
		Debug|Any CPU = Debug|Any CPU
		Release|Any CPU = Release|Any CPU
	EndGlobalSection
	GlobalSection(ProjectConfigurationPlatforms) = postSolution
		{22386201-13F6-4DF3-98F5-94571CDA1E56}.Debug|Any CPU.ActiveCfg = Debug|Any CPU
		{22386201-13F6-4DF3-98F5-94571CDA1E56}.Debug|Any CPU.Build.0 = Debug|Any CPU
		{22386201-13F6-4DF3-98F5-94571CDA1E56}.Release|Any CPU.ActiveCfg = Release|Any CPU
		{22386201-13F6-4DF3-98F5-94571CDA1E56}.Release|Any CPU.Build.0 = Release|Any CPU
		{6E788A7D-DF54-4A09-B810-A4AE4B06AFBE}.Debug|Any CPU.ActiveCfg = Debug|Any CPU
		{6E788A7D-DF54-4A09-B810-A4AE4B06AFBE}.Debug|Any CPU.Build.0 = Debug|Any CPU
		{6E788A7D-DF54-4A09-B810-A4AE4B06AFBE}.Release|Any CPU.ActiveCfg = Release|Any CPU
		{6E788A7D-DF54-4A09-B810-A4AE4B06AFBE}.Release|Any CPU.Build.0 = Release|Any CPU
	EndGlobalSection
EndGlobal
